
Microsoft Visual Studio Solution File, Format Version 12.00
# Visual Studio Version 17
VisualStudioVersion = 17.6.33829.357
MinimumVisualStudioVersion = 10.0.40219.1
Project("{9A19103F-16F7-4668-BE54-9A1E7A4F7556}") = "UGame.Activities.WebAPI", "src\UGame.Activities.WebAPI\UGame.Activities.WebAPI.csproj", "{6A92A02F-86DD-49EE-B420-44B6E183B31C}"
EndProject
Project("{2150E333-8FDC-42A3-9474-1A3956D46DE8}") = "Activities", "Activities", "{01080F16-D6FE-4F68-B59B-9276CD5A40FC}"
EndProject
Project("{2150E333-8FDC-42A3-9474-1A3956D46DE8}") = "Redpack", "Redpack", "{E2FC1CD1-8631-4C40-A7A8-26337BB681C3}"
EndProject
Project("{2150E333-8FDC-42A3-9474-1A3956D46DE8}") = "TreasureBox", "TreasureBox", "{F145488F-2CB8-417F-940F-052D967A2FD1}"
EndProject
Project("{9A19103F-16F7-4668-BE54-9A1E7A4F7556}") = "UGame.Activity.Redpack", "src\Activities\Redpack\UGame.Activity.Redpack\UGame.Activity.Redpack.csproj", "{E3349695-5F36-442B-8430-28E8B7E20B6A}"
EndProject
Project("{9A19103F-16F7-4668-BE54-9A1E7A4F7556}") = "UGame.Activity.TreasureBox", "src\Activities\TreasureBox\UGame.Activity.TreasureBox\UGame.Activity.TreasureBox.csproj", "{3793F062-A8FB-4527-8C48-9A229E5D1EE8}"
EndProject
Project("{2150E333-8FDC-42A3-9474-1A3956D46DE8}") = "Commons", "Commons", "{B273748E-6797-4DE4-B9B2-2CE931209712}"
EndProject
Project("{9A19103F-16F7-4668-BE54-9A1E7A4F7556}") = "SActivity.Common", "src\Commons\SActivity.Common\SActivity.Common.csproj", "{0CF7F803-9E24-4BBD-9B46-3FB62C842D03}"
EndProject
Project("{2150E333-8FDC-42A3-9474-1A3956D46DE8}") = "Tasks", "Tasks", "{94725285-682A-4FA3-B203-124672AD7B3C}"
EndProject
Project("{2150E333-8FDC-42A3-9474-1A3956D46DE8}") = "Rebate", "Rebate", "{2D596F8B-068F-4065-A6FC-03333393C458}"
EndProject
Project("{9A19103F-16F7-4668-BE54-9A1E7A4F7556}") = "UGame.Activity.Rebate", "src\Activities\Rebate\UGame.Activity.Rebate\UGame.Activity.Rebate.csproj", "{81865A32-13B2-4A3F-95FD-7A97FC33D655}"
EndProject
Project("{2150E333-8FDC-42A3-9474-1A3956D46DE8}") = "Signin", "Signin", "{D5DA35A3-B5E9-4DE5-9D35-02715027B5B7}"
EndProject
Project("{9A19103F-16F7-4668-BE54-9A1E7A4F7556}") = "UGame.Activity.Signin", "src\Activities\UGame.Activity.Signin\UGame.Activity.Signin.csproj", "{71CF0A52-2E0E-45E9-9D55-AD9768A33459}"
EndProject
Project("{9A19103F-16F7-4668-BE54-9A1E7A4F7556}") = "UGame.Activity.Tasks.API", "src\Tasks\UGame.Activity.Tasks.API\UGame.Activity.Tasks.API.csproj", "{03BE2513-64E8-46FC-98D2-BE330264A4C7}"
EndProject
Project("{2150E333-8FDC-42A3-9474-1A3956D46DE8}") = "RewardCenter", "RewardCenter", "{8DF057C9-F380-4DDC-B097-A3BAB490E79D}"
EndProject
Project("{9A19103F-16F7-4668-BE54-9A1E7A4F7556}") = "UGame.RewardCenter.API", "src\RewardCenter\UGame.RewardCenter.API\UGame.RewardCenter.API.csproj", "{61750A24-0416-40E4-A727-AB1A1F6E034F}"
EndProject
Project("{2150E333-8FDC-42A3-9474-1A3956D46DE8}") = "Cupon", "Cupon", "{E323877A-C577-46C2-B183-629793E5094D}"
EndProject
Project("{9A19103F-16F7-4668-BE54-9A1E7A4F7556}") = "UGame.Activity.Cupon", "src\Activities\Cupon\UGame.Activity.Cupon\UGame.Activity.Cupon.csproj", "{9655DE8A-8C97-4FC2-B0C9-A49B4AA0785A}"
EndProject
Project("{2150E333-8FDC-42A3-9474-1A3956D46DE8}") = "DailyWheel", "DailyWheel", "{2ED03193-F60F-4913-8579-A7E06639BDF1}"
EndProject
Project("{9A19103F-16F7-4668-BE54-9A1E7A4F7556}") = "UGame.Activity.DailyWheel", "src\Activities\DailyWheel\UGame.Activity.DailyWheel\UGame.Activity.DailyWheel.csproj", "{1E5E819E-AF78-4B61-A0D5-4B510F31F936}"
EndProject
Project("{2150E333-8FDC-42A3-9474-1A3956D46DE8}") = "CoinWheel", "CoinWheel", "{99E14CFE-9598-47D4-8A44-021B722D440A}"
EndProject
Project("{9A19103F-16F7-4668-BE54-9A1E7A4F7556}") = "UGame.Activity.CoinWheel", "src\Activities\CoinWheel\UGame.Activity.CoinWheel\UGame.Activity.CoinWheel.csproj", "{10DC6EAE-F11E-4929-BA92-42B4F37B889E}"
EndProject
Project("{2150E333-8FDC-42A3-9474-1A3956D46DE8}") = "CoinSignin", "CoinSignin", "{A9CAC965-6B10-459A-896F-7B522CEA2848}"
EndProject
Project("{9A19103F-16F7-4668-BE54-9A1E7A4F7556}") = "UGame.Activity.CoinSignin", "src\Activities\CoinSignin\UGame.Activity.CoinSignin\UGame.Activity.CoinSignin.csproj", "{7D2EDAC7-B46C-45F6-8699-4E2D8CF8D49F}"
EndProject
Project("{2150E333-8FDC-42A3-9474-1A3956D46DE8}") = "RedpackRain", "RedpackRain", "{41E1D5AB-D77E-43A2-B913-A5C10E2DA485}"
EndProject
Project("{9A19103F-16F7-4668-BE54-9A1E7A4F7556}") = "UGame.Activity.RedpackRain", "src\Activities\RedpackRain\UGame.Activity.RedpackRain\UGame.Activity.RedpackRain.csproj", "{98C4B821-7C64-47E9-B905-435A1235A1C8}"
EndProject
Project("{2150E333-8FDC-42A3-9474-1A3956D46DE8}") = "BankyProtect", "BankyProtect", "{1122149E-1C8E-41AA-931A-7841D7CEEB61}"
EndProject
Project("{FAE04EC0-301F-11D3-BF4B-00C04F79EFBC}") = "UGame.Activity.Banky", "src\Activities\Banky\UGame.Activity.Banky\UGame.Activity.Banky.csproj", "{BD2C5367-5E95-4299-936F-F78E1BAE9E1C}"
EndProject
Global
	GlobalSection(SolutionConfigurationPlatforms) = preSolution
		Debug|Any CPU = Debug|Any CPU
		Release|Any CPU = Release|Any CPU
	EndGlobalSection
	GlobalSection(ProjectConfigurationPlatforms) = postSolution
		{6A92A02F-86DD-49EE-B420-44B6E183B31C}.Debug|Any CPU.ActiveCfg = Debug|Any CPU
		{6A92A02F-86DD-49EE-B420-44B6E183B31C}.Debug|Any CPU.Build.0 = Debug|Any CPU
		{6A92A02F-86DD-49EE-B420-44B6E183B31C}.Release|Any CPU.ActiveCfg = Release|Any CPU
		{6A92A02F-86DD-49EE-B420-44B6E183B31C}.Release|Any CPU.Build.0 = Release|Any CPU
		{E3349695-5F36-442B-8430-28E8B7E20B6A}.Debug|Any CPU.ActiveCfg = Debug|Any CPU
		{E3349695-5F36-442B-8430-28E8B7E20B6A}.Debug|Any CPU.Build.0 = Debug|Any CPU
		{E3349695-5F36-442B-8430-28E8B7E20B6A}.Release|Any CPU.ActiveCfg = Release|Any CPU
		{E3349695-5F36-442B-8430-28E8B7E20B6A}.Release|Any CPU.Build.0 = Release|Any CPU
		{3793F062-A8FB-4527-8C48-9A229E5D1EE8}.Debug|Any CPU.ActiveCfg = Debug|Any CPU
		{3793F062-A8FB-4527-8C48-9A229E5D1EE8}.Debug|Any CPU.Build.0 = Debug|Any CPU
		{3793F062-A8FB-4527-8C48-9A229E5D1EE8}.Release|Any CPU.ActiveCfg = Release|Any CPU
		{3793F062-A8FB-4527-8C48-9A229E5D1EE8}.Release|Any CPU.Build.0 = Release|Any CPU
		{0CF7F803-9E24-4BBD-9B46-3FB62C842D03}.Debug|Any CPU.ActiveCfg = Debug|Any CPU
		{0CF7F803-9E24-4BBD-9B46-3FB62C842D03}.Debug|Any CPU.Build.0 = Debug|Any CPU
		{0CF7F803-9E24-4BBD-9B46-3FB62C842D03}.Release|Any CPU.ActiveCfg = Release|Any CPU
		{0CF7F803-9E24-4BBD-9B46-3FB62C842D03}.Release|Any CPU.Build.0 = Release|Any CPU
		{81865A32-13B2-4A3F-95FD-7A97FC33D655}.Debug|Any CPU.ActiveCfg = Debug|Any CPU
		{81865A32-13B2-4A3F-95FD-7A97FC33D655}.Debug|Any CPU.Build.0 = Debug|Any CPU
		{81865A32-13B2-4A3F-95FD-7A97FC33D655}.Release|Any CPU.ActiveCfg = Release|Any CPU
		{81865A32-13B2-4A3F-95FD-7A97FC33D655}.Release|Any CPU.Build.0 = Release|Any CPU
		{71CF0A52-2E0E-45E9-9D55-AD9768A33459}.Debug|Any CPU.ActiveCfg = Debug|Any CPU
		{71CF0A52-2E0E-45E9-9D55-AD9768A33459}.Debug|Any CPU.Build.0 = Debug|Any CPU
		{71CF0A52-2E0E-45E9-9D55-AD9768A33459}.Release|Any CPU.ActiveCfg = Release|Any CPU
		{71CF0A52-2E0E-45E9-9D55-AD9768A33459}.Release|Any CPU.Build.0 = Release|Any CPU
		{03BE2513-64E8-46FC-98D2-BE330264A4C7}.Debug|Any CPU.ActiveCfg = Debug|Any CPU
		{03BE2513-64E8-46FC-98D2-BE330264A4C7}.Debug|Any CPU.Build.0 = Debug|Any CPU
		{03BE2513-64E8-46FC-98D2-BE330264A4C7}.Release|Any CPU.ActiveCfg = Release|Any CPU
		{03BE2513-64E8-46FC-98D2-BE330264A4C7}.Release|Any CPU.Build.0 = Release|Any CPU
		{61750A24-0416-40E4-A727-AB1A1F6E034F}.Debug|Any CPU.ActiveCfg = Debug|Any CPU
		{61750A24-0416-40E4-A727-AB1A1F6E034F}.Debug|Any CPU.Build.0 = Debug|Any CPU
		{61750A24-0416-40E4-A727-AB1A1F6E034F}.Release|Any CPU.ActiveCfg = Release|Any CPU
		{61750A24-0416-40E4-A727-AB1A1F6E034F}.Release|Any CPU.Build.0 = Release|Any CPU
		{9655DE8A-8C97-4FC2-B0C9-A49B4AA0785A}.Debug|Any CPU.ActiveCfg = Debug|Any CPU
		{9655DE8A-8C97-4FC2-B0C9-A49B4AA0785A}.Debug|Any CPU.Build.0 = Debug|Any CPU
		{9655DE8A-8C97-4FC2-B0C9-A49B4AA0785A}.Release|Any CPU.ActiveCfg = Release|Any CPU
		{9655DE8A-8C97-4FC2-B0C9-A49B4AA0785A}.Release|Any CPU.Build.0 = Release|Any CPU
		{1E5E819E-AF78-4B61-A0D5-4B510F31F936}.Debug|Any CPU.ActiveCfg = Debug|Any CPU
		{1E5E819E-AF78-4B61-A0D5-4B510F31F936}.Debug|Any CPU.Build.0 = Debug|Any CPU
		{1E5E819E-AF78-4B61-A0D5-4B510F31F936}.Release|Any CPU.ActiveCfg = Release|Any CPU
		{1E5E819E-AF78-4B61-A0D5-4B510F31F936}.Release|Any CPU.Build.0 = Release|Any CPU
		{10DC6EAE-F11E-4929-BA92-42B4F37B889E}.Debug|Any CPU.ActiveCfg = Debug|Any CPU
		{10DC6EAE-F11E-4929-BA92-42B4F37B889E}.Debug|Any CPU.Build.0 = Debug|Any CPU
		{10DC6EAE-F11E-4929-BA92-42B4F37B889E}.Release|Any CPU.ActiveCfg = Release|Any CPU
		{10DC6EAE-F11E-4929-BA92-42B4F37B889E}.Release|Any CPU.Build.0 = Release|Any CPU
		{7D2EDAC7-B46C-45F6-8699-4E2D8CF8D49F}.Debug|Any CPU.ActiveCfg = Debug|Any CPU
		{7D2EDAC7-B46C-45F6-8699-4E2D8CF8D49F}.Debug|Any CPU.Build.0 = Debug|Any CPU
		{7D2EDAC7-B46C-45F6-8699-4E2D8CF8D49F}.Release|Any CPU.ActiveCfg = Release|Any CPU
		{7D2EDAC7-B46C-45F6-8699-4E2D8CF8D49F}.Release|Any CPU.Build.0 = Release|Any CPU
		{98C4B821-7C64-47E9-B905-435A1235A1C8}.Debug|Any CPU.ActiveCfg = Debug|Any CPU
		{98C4B821-7C64-47E9-B905-435A1235A1C8}.Debug|Any CPU.Build.0 = Debug|Any CPU
		{98C4B821-7C64-47E9-B905-435A1235A1C8}.Release|Any CPU.ActiveCfg = Release|Any CPU
		{98C4B821-7C64-47E9-B905-435A1235A1C8}.Release|Any CPU.Build.0 = Release|Any CPU
		{BD2C5367-5E95-4299-936F-F78E1BAE9E1C}.Debug|Any CPU.ActiveCfg = Debug|Any CPU
		{BD2C5367-5E95-4299-936F-F78E1BAE9E1C}.Debug|Any CPU.Build.0 = Debug|Any CPU
		{BD2C5367-5E95-4299-936F-F78E1BAE9E1C}.Release|Any CPU.ActiveCfg = Release|Any CPU
		{BD2C5367-5E95-4299-936F-F78E1BAE9E1C}.Release|Any CPU.Build.0 = Release|Any CPU
	EndGlobalSection
	GlobalSection(SolutionProperties) = preSolution
		HideSolutionNode = FALSE
	EndGlobalSection
	GlobalSection(NestedProjects) = preSolution
		{E2FC1CD1-8631-4C40-A7A8-26337BB681C3} = {01080F16-D6FE-4F68-B59B-9276CD5A40FC}
		{F145488F-2CB8-417F-940F-052D967A2FD1} = {01080F16-D6FE-4F68-B59B-9276CD5A40FC}
		{E3349695-5F36-442B-8430-28E8B7E20B6A} = {E2FC1CD1-8631-4C40-A7A8-26337BB681C3}
		{3793F062-A8FB-4527-8C48-9A229E5D1EE8} = {F145488F-2CB8-417F-940F-052D967A2FD1}
		{0CF7F803-9E24-4BBD-9B46-3FB62C842D03} = {B273748E-6797-4DE4-B9B2-2CE931209712}
		{2D596F8B-068F-4065-A6FC-03333393C458} = {01080F16-D6FE-4F68-B59B-9276CD5A40FC}
		{81865A32-13B2-4A3F-95FD-7A97FC33D655} = {2D596F8B-068F-4065-A6FC-03333393C458}
		{D5DA35A3-B5E9-4DE5-9D35-02715027B5B7} = {01080F16-D6FE-4F68-B59B-9276CD5A40FC}
		{71CF0A52-2E0E-45E9-9D55-AD9768A33459} = {D5DA35A3-B5E9-4DE5-9D35-02715027B5B7}
		{03BE2513-64E8-46FC-98D2-BE330264A4C7} = {94725285-682A-4FA3-B203-124672AD7B3C}
		{61750A24-0416-40E4-A727-AB1A1F6E034F} = {8DF057C9-F380-4DDC-B097-A3BAB490E79D}
		{E323877A-C577-46C2-B183-629793E5094D} = {01080F16-D6FE-4F68-B59B-9276CD5A40FC}
		{9655DE8A-8C97-4FC2-B0C9-A49B4AA0785A} = {E323877A-C577-46C2-B183-629793E5094D}
		{2ED03193-F60F-4913-8579-A7E06639BDF1} = {01080F16-D6FE-4F68-B59B-9276CD5A40FC}
		{1E5E819E-AF78-4B61-A0D5-4B510F31F936} = {2ED03193-F60F-4913-8579-A7E06639BDF1}
		{99E14CFE-9598-47D4-8A44-021B722D440A} = {01080F16-D6FE-4F68-B59B-9276CD5A40FC}
		{10DC6EAE-F11E-4929-BA92-42B4F37B889E} = {99E14CFE-9598-47D4-8A44-021B722D440A}
		{A9CAC965-6B10-459A-896F-7B522CEA2848} = {01080F16-D6FE-4F68-B59B-9276CD5A40FC}
		{7D2EDAC7-B46C-45F6-8699-4E2D8CF8D49F} = {A9CAC965-6B10-459A-896F-7B522CEA2848}
		{41E1D5AB-D77E-43A2-B913-A5C10E2DA485} = {01080F16-D6FE-4F68-B59B-9276CD5A40FC}
		{98C4B821-7C64-47E9-B905-435A1235A1C8} = {41E1D5AB-D77E-43A2-B913-A5C10E2DA485}
		{1122149E-1C8E-41AA-931A-7841D7CEEB61} = {01080F16-D6FE-4F68-B59B-9276CD5A40FC}
		{BD2C5367-5E95-4299-936F-F78E1BAE9E1C} = {1122149E-1C8E-41AA-931A-7841D7CEEB61}
	EndGlobalSection
	GlobalSection(ExtensibilityGlobals) = postSolution
		SolutionGuid = {F54F5160-45B1-4D9D-A9FF-04ECC6790E11}
	EndGlobalSection
EndGlobal
